
Microsoft Visual Studio Solution File, Format Version 12.00
# Visual Studio Version 17
VisualStudioVersion = 17.0.31912.275
MinimumVisualStudioVersion = 10.0.40219.1
Project("{FAE04EC0-301F-11D3-BF4B-00C04F79EFBC}") = "AutographBasics", "AutographBasics\AutographBasics.csproj", "{58B5BB99-DD63-4AE2-B021-37EF94417573}"
EndProject
Global
	GlobalSection(SolutionConfigurationPlatforms) = preSolution
		Debug|Any CPU = Debug|Any CPU
		Release|Any CPU = Release|Any CPU
	EndGlobalSection
	GlobalSection(ProjectConfigurationPlatforms) = postSolution
		{58B5BB99-DD63-4AE2-B021-37EF94417573}.Debug|Any CPU.ActiveCfg = Debug|Any CPU
		{58B5BB99-DD63-4AE2-B021-37EF94417573}.Debug|Any CPU.Build.0 = Debug|Any CPU
		{58B5BB99-DD63-4AE2-B021-37EF94417573}.Release|Any CPU.ActiveCfg = Release|Any CPU
		{58B5BB99-DD63-4AE2-B021-37EF94417573}.Release|Any CPU.Build.0 = Release|Any CPU
	EndGlobalSection
	GlobalSection(SolutionProperties) = preSolution
		HideSolutionNode = FALSE
	EndGlobalSection
	GlobalSection(ExtensibilityGlobals) = postSolution
		SolutionGuid = {D90921F0-08DE-4582-AF42-7F15B5929DE8}
	EndGlobalSection
EndGlobal
